
Microsoft Visual Studio Solution File, Format Version 12.00
# Visual Studio Version 17
VisualStudioVersion = 17.3.32804.467
MinimumVisualStudioVersion = 10.0.40219.1
Project("{8BC9CEB8-8B4A-11D0-8D11-00A0C91BC942}") = "Digits", "Digits.vcxproj", "{BCF70755-1A8F-4765-BC32-8E471AB80286}"
EndProject
Global
	GlobalSection(SolutionConfigurationPlatforms) = preSolution
		Debug|x64 = Debug|x64
		Debug|x86 = Debug|x86
		Release|x64 = Release|x64
		Release|x86 = Release|x86
	EndGlobalSection
	GlobalSection(ProjectConfigurationPlatforms) = postSolution
		{BCF70755-1A8F-4765-BC32-8E471AB80286}.Debug|x64.ActiveCfg = Debug|x64
		{BCF70755-1A8F-4765-BC32-8E471AB80286}.Debug|x64.Build.0 = Debug|x64
		{BCF70755-1A8F-4765-BC32-8E471AB80286}.Debug|x86.ActiveCfg = Debug|Win32
		{BCF70755-1A8F-4765-BC32-8E471AB80286}.Debug|x86.Build.0 = Debug|Win32
		{BCF70755-1A8F-4765-BC32-8E471AB80286}.Release|x64.ActiveCfg = Release|x64
		{BCF70755-1A8F-4765-BC32-8E471AB80286}.Release|x64.Build.0 = Release|x64
		{BCF70755-1A8F-4765-BC32-8E471AB80286}.Release|x86.ActiveCfg = Release|Win32
		{BCF70755-1A8F-4765-BC32-8E471AB80286}.Release|x86.Build.0 = Release|Win32
	EndGlobalSection
	GlobalSection(SolutionProperties) = preSolution
		HideSolutionNode = FALSE
	EndGlobalSection
	GlobalSection(ExtensibilityGlobals) = postSolution
		SolutionGuid = {0E1B3F0D-4EC1-4C8C-ADA9-03C92731F002}
	EndGlobalSection
EndGlobal
