
Microsoft Visual Studio Solution File, Format Version 12.00
# Visual Studio Version 17
VisualStudioVersion = 17.3.32804.467
MinimumVisualStudioVersion = 10.0.40219.1
Project("{8BC9CEB8-8B4A-11D0-8D11-00A0C91BC942}") = "Multiples", "Multiples.vcxproj", "{A77FE636-8D97-4252-AF3B-1F35951067CD}"
EndProject
Global
	GlobalSection(SolutionConfigurationPlatforms) = preSolution
		Debug|x64 = Debug|x64
		Debug|x86 = Debug|x86
		Release|x64 = Release|x64
		Release|x86 = Release|x86
	EndGlobalSection
	GlobalSection(ProjectConfigurationPlatforms) = postSolution
		{A77FE636-8D97-4252-AF3B-1F35951067CD}.Debug|x64.ActiveCfg = Debug|x64
		{A77FE636-8D97-4252-AF3B-1F35951067CD}.Debug|x64.Build.0 = Debug|x64
		{A77FE636-8D97-4252-AF3B-1F35951067CD}.Debug|x86.ActiveCfg = Debug|Win32
		{A77FE636-8D97-4252-AF3B-1F35951067CD}.Debug|x86.Build.0 = Debug|Win32
		{A77FE636-8D97-4252-AF3B-1F35951067CD}.Release|x64.ActiveCfg = Release|x64
		{A77FE636-8D97-4252-AF3B-1F35951067CD}.Release|x64.Build.0 = Release|x64
		{A77FE636-8D97-4252-AF3B-1F35951067CD}.Release|x86.ActiveCfg = Release|Win32
		{A77FE636-8D97-4252-AF3B-1F35951067CD}.Release|x86.Build.0 = Release|Win32
	EndGlobalSection
	GlobalSection(SolutionProperties) = preSolution
		HideSolutionNode = FALSE
	EndGlobalSection
	GlobalSection(ExtensibilityGlobals) = postSolution
		SolutionGuid = {57A0EA0E-6094-435D-9E18-3DA39158F219}
	EndGlobalSection
EndGlobal
