
Microsoft Visual Studio Solution File, Format Version 12.00
# Visual Studio Version 17
VisualStudioVersion = 17.3.32804.467
MinimumVisualStudioVersion = 10.0.40219.1
Project("{8BC9CEB8-8B4A-11D0-8D11-00A0C91BC942}") = "Basic Data Types", "Basic Data Types.vcxproj", "{2344C876-89B4-4A22-9199-AF5D27E077E2}"
EndProject
Global
	GlobalSection(SolutionConfigurationPlatforms) = preSolution
		Debug|x64 = Debug|x64
		Debug|x86 = Debug|x86
		Release|x64 = Release|x64
		Release|x86 = Release|x86
	EndGlobalSection
	GlobalSection(ProjectConfigurationPlatforms) = postSolution
		{2344C876-89B4-4A22-9199-AF5D27E077E2}.Debug|x64.ActiveCfg = Debug|x64
		{2344C876-89B4-4A22-9199-AF5D27E077E2}.Debug|x64.Build.0 = Debug|x64
		{2344C876-89B4-4A22-9199-AF5D27E077E2}.Debug|x86.ActiveCfg = Debug|Win32
		{2344C876-89B4-4A22-9199-AF5D27E077E2}.Debug|x86.Build.0 = Debug|Win32
		{2344C876-89B4-4A22-9199-AF5D27E077E2}.Release|x64.ActiveCfg = Release|x64
		{2344C876-89B4-4A22-9199-AF5D27E077E2}.Release|x64.Build.0 = Release|x64
		{2344C876-89B4-4A22-9199-AF5D27E077E2}.Release|x86.ActiveCfg = Release|Win32
		{2344C876-89B4-4A22-9199-AF5D27E077E2}.Release|x86.Build.0 = Release|Win32
	EndGlobalSection
	GlobalSection(SolutionProperties) = preSolution
		HideSolutionNode = FALSE
	EndGlobalSection
	GlobalSection(ExtensibilityGlobals) = postSolution
		SolutionGuid = {AD1EBAC4-8A63-4117-A03A-87EA9026EF0D}
	EndGlobalSection
EndGlobal
